// !$*UTF8*$!
{
	archiveVersion = 1;
	classes = {
	};
	objectVersion = 46;
	objects = {

/* Begin PBXBuildFile section */
		B225AA5A1CB9DF7C00AADCDC /* NSFont + extensionOTF.swift in Sources */ = {isa = PBXBuildFile; fileRef = B225AA591CB9DF7C00AADCDC /* NSFont + extensionOTF.swift */; };
		B225AA5C1CB9EE0D00AADCDC /* LDSwitchButtonCell.swift in Sources */ = {isa = PBXBuildFile; fileRef = B225AA5B1CB9EE0D00AADCDC /* LDSwitchButtonCell.swift */; };
		B225AA5E1CBC3F2500AADCDC /* FeaturesTable.swift in Sources */ = {isa = PBXBuildFile; fileRef = B225AA5D1CBC3F2500AADCDC /* FeaturesTable.swift */; };
		B225AA601CBC444400AADCDC /* FontsTable.swift in Sources */ = {isa = PBXBuildFile; fileRef = B225AA5F1CBC444400AADCDC /* FontsTable.swift */; };
		B2539A791CB6C575002917DE /* AppDelegate.swift in Sources */ = {isa = PBXBuildFile; fileRef = B2539A781CB6C575002917DE /* AppDelegate.swift */; };
		B2539A7B1CB6C575002917DE /* Assets.xcassets in Resources */ = {isa = PBXBuildFile; fileRef = B2539A7A1CB6C575002917DE /* Assets.xcassets */; };
		B2539A7E1CB6C575002917DE /* MainMenu.xib in Resources */ = {isa = PBXBuildFile; fileRef = B2539A7C1CB6C575002917DE /* MainMenu.xib */; };
		B2539AA21CB6E9BA002917DE /* OTFeatures.swift in Sources */ = {isa = PBXBuildFile; fileRef = B2539AA11CB6E9BA002917DE /* OTFeatures.swift */; };
		B2539AA41CB6F5F6002917DE /* LDTableCellButton.swift in Sources */ = {isa = PBXBuildFile; fileRef = B2539AA31CB6F5F6002917DE /* LDTableCellButton.swift */; };
		B2539AA61CB6FA64002917DE /* OTFOutlineViewDelegate.swift in Sources */ = {isa = PBXBuildFile; fileRef = B2539AA51CB6FA64002917DE /* OTFOutlineViewDelegate.swift */; };
		B2539AA81CB7087A002917DE /* LDSwitchButton.swift in Sources */ = {isa = PBXBuildFile; fileRef = B2539AA71CB7087A002917DE /* LDSwitchButton.swift */; };
		B2B0A2501F4AD2BD00D7E2CA /* AppKit.framework in Frameworks */ = {isa = PBXBuildFile; fileRef = B2B0A24F1F4AD2BD00D7E2CA /* AppKit.framework */; };
		B2E7D89320D3EBFE00823286 /* FontToolbox.framework in Frameworks */ = {isa = PBXBuildFile; fileRef = B2B0A2511F4AD7C100D7E2CA /* FontToolbox.framework */; };
		B2E7D89420D3EBFE00823286 /* FontToolbox.framework in Embed Frameworks */ = {isa = PBXBuildFile; fileRef = B2B0A2511F4AD7C100D7E2CA /* FontToolbox.framework */; settings = {ATTRIBUTES = (CodeSignOnCopy, RemoveHeadersOnCopy, ); }; };
/* End PBXBuildFile section */

/* Begin PBXCopyFilesBuildPhase section */
		B2E7D89520D3EBFE00823286 /* Embed Frameworks */ = {
			isa = PBXCopyFilesBuildPhase;
			buildActionMask = 2147483647;
			dstPath = "";
			dstSubfolderSpec = 10;
			files = (
				B2E7D89420D3EBFE00823286 /* FontToolbox.framework in Embed Frameworks */,
			);
			name = "Embed Frameworks";
			runOnlyForDeploymentPostprocessing = 0;
		};
/* End PBXCopyFilesBuildPhase section */

/* Begin PBXFileReference section */
		B225AA591CB9DF7C00AADCDC /* NSFont + extensionOTF.swift */ = {isa = PBXFileReference; fileEncoding = 4; lastKnownFileType = sourcecode.swift; lineEnding = 0; path = "NSFont + extensionOTF.swift"; sourceTree = "<group>"; xcLanguageSpecificationIdentifier = xcode.lang.swift; };
		B225AA5B1CB9EE0D00AADCDC /* LDSwitchButtonCell.swift */ = {isa = PBXFileReference; fileEncoding = 4; lastKnownFileType = sourcecode.swift; path = LDSwitchButtonCell.swift; sourceTree = "<group>"; };
		B225AA5D1CBC3F2500AADCDC /* FeaturesTable.swift */ = {isa = PBXFileReference; fileEncoding = 4; lastKnownFileType = sourcecode.swift; path = FeaturesTable.swift; sourceTree = "<group>"; };
		B225AA5F1CBC444400AADCDC /* FontsTable.swift */ = {isa = PBXFileReference; fileEncoding = 4; lastKnownFileType = sourcecode.swift; path = FontsTable.swift; sourceTree = "<group>"; };
		B2539A751CB6C575002917DE /* Find Font Features.app */ = {isa = PBXFileReference; explicitFileType = wrapper.application; includeInIndex = 0; path = "Find Font Features.app"; sourceTree = BUILT_PRODUCTS_DIR; };
		B2539A781CB6C575002917DE /* AppDelegate.swift */ = {isa = PBXFileReference; lastKnownFileType = sourcecode.swift; lineEnding = 0; path = AppDelegate.swift; sourceTree = "<group>"; xcLanguageSpecificationIdentifier = xcode.lang.swift; };
		B2539A7A1CB6C575002917DE /* Assets.xcassets */ = {isa = PBXFileReference; lastKnownFileType = folder.assetcatalog; path = Assets.xcassets; sourceTree = "<group>"; };
		B2539A7D1CB6C575002917DE /* Base */ = {isa = PBXFileReference; lastKnownFileType = file.xib; name = Base; path = Base.lproj/MainMenu.xib; sourceTree = "<group>"; };
		B2539A7F1CB6C575002917DE /* Info.plist */ = {isa = PBXFileReference; lastKnownFileType = text.plist.xml; path = Info.plist; sourceTree = "<group>"; };
		B2539AA11CB6E9BA002917DE /* OTFeatures.swift */ = {isa = PBXFileReference; fileEncoding = 4; lastKnownFileType = sourcecode.swift; lineEnding = 0; path = OTFeatures.swift; sourceTree = "<group>"; xcLanguageSpecificationIdentifier = xcode.lang.swift; };
		B2539AA31CB6F5F6002917DE /* LDTableCellButton.swift */ = {isa = PBXFileReference; fileEncoding = 4; lastKnownFileType = sourcecode.swift; path = LDTableCellButton.swift; sourceTree = "<group>"; };
		B2539AA51CB6FA64002917DE /* OTFOutlineViewDelegate.swift */ = {isa = PBXFileReference; fileEncoding = 4; lastKnownFileType = sourcecode.swift; path = OTFOutlineViewDelegate.swift; sourceTree = "<group>"; };
		B2539AA71CB7087A002917DE /* LDSwitchButton.swift */ = {isa = PBXFileReference; fileEncoding = 4; lastKnownFileType = sourcecode.swift; path = LDSwitchButton.swift; sourceTree = "<group>"; };
		B2B0A24F1F4AD2BD00D7E2CA /* AppKit.framework */ = {isa = PBXFileReference; lastKnownFileType = wrapper.framework; name = AppKit.framework; path = System/Library/Frameworks/AppKit.framework; sourceTree = SDKROOT; };
		B2B0A2511F4AD7C100D7E2CA /* FontToolbox.framework */ = {isa = PBXFileReference; lastKnownFileType = wrapper.framework; name = FontToolbox.framework; path = ../../../../../Library/Frameworks/FontToolbox.framework; sourceTree = "<group>"; };
/* End PBXFileReference section */

/* Begin PBXFrameworksBuildPhase section */
		B2539A721CB6C575002917DE /* Frameworks */ = {
			isa = PBXFrameworksBuildPhase;
			buildActionMask = 2147483647;
			files = (
				B2B0A2501F4AD2BD00D7E2CA /* AppKit.framework in Frameworks */,
				B2E7D89320D3EBFE00823286 /* FontToolbox.framework in Frameworks */,
			);
			runOnlyForDeploymentPostprocessing = 0;
		};
/* End PBXFrameworksBuildPhase section */

/* Begin PBXGroup section */
		B2539A6C1CB6C575002917DE = {
			isa = PBXGroup;
			children = (
				B2539A771CB6C575002917DE /* Find Font Features */,
				B2539A761CB6C575002917DE /* Products */,
				B2B0A24E1F4AD2BD00D7E2CA /* Frameworks */,
			);
			sourceTree = "<group>";
		};
		B2539A761CB6C575002917DE /* Products */ = {
			isa = PBXGroup;
			children = (
				B2539A751CB6C575002917DE /* Find Font Features.app */,
			);
			name = Products;
			sourceTree = "<group>";
		};
		B2539A771CB6C575002917DE /* Find Font Features */ = {
			isa = PBXGroup;
			children = (
				B2539A781CB6C575002917DE /* AppDelegate.swift */,
				B225AA5F1CBC444400AADCDC /* FontsTable.swift */,
				B225AA5D1CBC3F2500AADCDC /* FeaturesTable.swift */,
				B2539AA11CB6E9BA002917DE /* OTFeatures.swift */,
				B2539A7A1CB6C575002917DE /* Assets.xcassets */,
				B2539A7C1CB6C575002917DE /* MainMenu.xib */,
				B2539AA71CB7087A002917DE /* LDSwitchButton.swift */,
				B2539AA31CB6F5F6002917DE /* LDTableCellButton.swift */,
				B225AA5B1CB9EE0D00AADCDC /* LDSwitchButtonCell.swift */,
				B2539AA51CB6FA64002917DE /* OTFOutlineViewDelegate.swift */,
				B225AA591CB9DF7C00AADCDC /* NSFont + extensionOTF.swift */,
				B2539A7F1CB6C575002917DE /* Info.plist */,
			);
			name = "Find Font Features";
			path = FindFontFeatures;
			sourceTree = "<group>";
		};
		B2B0A24E1F4AD2BD00D7E2CA /* Frameworks */ = {
			isa = PBXGroup;
			children = (
				B2B0A2511F4AD7C100D7E2CA /* FontToolbox.framework */,
				B2B0A24F1F4AD2BD00D7E2CA /* AppKit.framework */,
			);
			name = Frameworks;
			sourceTree = "<group>";
		};
/* End PBXGroup section */

/* Begin PBXNativeTarget section */
		B2539A741CB6C575002917DE /* Find Font Features */ = {
			isa = PBXNativeTarget;
			buildConfigurationList = B2539A981CB6C575002917DE /* Build configuration list for PBXNativeTarget "Find Font Features" */;
			buildPhases = (
				B2539A711CB6C575002917DE /* Sources */,
				B2539A721CB6C575002917DE /* Frameworks */,
				B2539A731CB6C575002917DE /* Resources */,
				B2E7D89520D3EBFE00823286 /* Embed Frameworks */,
			);
			buildRules = (
			);
			dependencies = (
			);
			name = "Find Font Features";
			productName = FindFontFeatures;
			productReference = B2539A751CB6C575002917DE /* Find Font Features.app */;
			productType = "com.apple.product-type.application";
		};
/* End PBXNativeTarget section */

/* Begin PBXProject section */
		B2539A6D1CB6C575002917DE /* Project object */ = {
			isa = PBXProject;
			attributes = {
				LastSwiftUpdateCheck = 0730;
				LastUpgradeCheck = 0940;
				ORGANIZATIONNAME = "Łukasz Dziedzic";
				TargetAttributes = {
					B2539A741CB6C575002917DE = {
						CreatedOnToolsVersion = 7.3;
						LastSwiftMigration = 0940;
					};
				};
			};
			buildConfigurationList = B2539A701CB6C575002917DE /* Build configuration list for PBXProject "Find Font Features" */;
			compatibilityVersion = "Xcode 3.2";
			developmentRegion = English;
			hasScannedForEncodings = 0;
			knownRegions = (
				en,
				Base,
			);
			mainGroup = B2539A6C1CB6C575002917DE;
			productRefGroup = B2539A761CB6C575002917DE /* Products */;
			projectDirPath = "";
			projectRoot = "";
			targets = (
				B2539A741CB6C575002917DE /* Find Font Features */,
			);
		};
/* End PBXProject section */

/* Begin PBXResourcesBuildPhase section */
		B2539A731CB6C575002917DE /* Resources */ = {
			isa = PBXResourcesBuildPhase;
			buildActionMask = 2147483647;
			files = (
				B2539A7B1CB6C575002917DE /* Assets.xcassets in Resources */,
				B2539A7E1CB6C575002917DE /* MainMenu.xib in Resources */,
			);
			runOnlyForDeploymentPostprocessing = 0;
		};
/* End PBXResourcesBuildPhase section */

/* Begin PBXSourcesBuildPhase section */
		B2539A711CB6C575002917DE /* Sources */ = {
			isa = PBXSourcesBuildPhase;
			buildActionMask = 2147483647;
			files = (
				B225AA5C1CB9EE0D00AADCDC /* LDSwitchButtonCell.swift in Sources */,
				B2539A791CB6C575002917DE /* AppDelegate.swift in Sources */,
				B2539AA81CB7087A002917DE /* LDSwitchButton.swift in Sources */,
				B2539AA21CB6E9BA002917DE /* OTFeatures.swift in Sources */,
				B2539AA61CB6FA64002917DE /* OTFOutlineViewDelegate.swift in Sources */,
				B225AA5E1CBC3F2500AADCDC /* FeaturesTable.swift in Sources */,
				B225AA601CBC444400AADCDC /* FontsTable.swift in Sources */,
				B2539AA41CB6F5F6002917DE /* LDTableCellButton.swift in Sources */,
				B225AA5A1CB9DF7C00AADCDC /* NSFont + extensionOTF.swift in Sources */,
			);
			runOnlyForDeploymentPostprocessing = 0;
		};
/* End PBXSourcesBuildPhase section */

/* Begin PBXVariantGroup section */
		B2539A7C1CB6C575002917DE /* MainMenu.xib */ = {
			isa = PBXVariantGroup;
			children = (
				B2539A7D1CB6C575002917DE /* Base */,
			);
			name = MainMenu.xib;
			sourceTree = "<group>";
		};
/* End PBXVariantGroup section */

/* Begin XCBuildConfiguration section */
		B2539A961CB6C575002917DE /* Debug */ = {
			isa = XCBuildConfiguration;
			buildSettings = {
				ALWAYS_SEARCH_USER_PATHS = NO;
				CLANG_ANALYZER_NONNULL = YES;
				CLANG_CXX_LANGUAGE_STANDARD = "gnu++0x";
				CLANG_CXX_LIBRARY = "libc++";
				CLANG_ENABLE_MODULES = YES;
				CLANG_ENABLE_OBJC_ARC = YES;
				CLANG_WARN_BLOCK_CAPTURE_AUTORELEASING = YES;
				CLANG_WARN_BOOL_CONVERSION = YES;
				CLANG_WARN_COMMA = YES;
				CLANG_WARN_CONSTANT_CONVERSION = YES;
				CLANG_WARN_DEPRECATED_OBJC_IMPLEMENTATIONS = YES;
				CLANG_WARN_DIRECT_OBJC_ISA_USAGE = YES_ERROR;
				CLANG_WARN_EMPTY_BODY = YES;
				CLANG_WARN_ENUM_CONVERSION = YES;
				CLANG_WARN_INFINITE_RECURSION = YES;
				CLANG_WARN_INT_CONVERSION = YES;
				CLANG_WARN_NON_LITERAL_NULL_CONVERSION = YES;
				CLANG_WARN_OBJC_IMPLICIT_RETAIN_SELF = YES;
				CLANG_WARN_OBJC_LITERAL_CONVERSION = YES;
				CLANG_WARN_OBJC_ROOT_CLASS = YES_ERROR;
				CLANG_WARN_RANGE_LOOP_ANALYSIS = YES;
				CLANG_WARN_STRICT_PROTOTYPES = YES;
				CLANG_WARN_SUSPICIOUS_MOVE = YES;
				CLANG_WARN_UNREACHABLE_CODE = YES;
				CLANG_WARN__DUPLICATE_METHOD_MATCH = YES;
				CODE_SIGN_IDENTITY = "-";
				COPY_PHASE_STRIP = NO;
				DEBUG_INFORMATION_FORMAT = dwarf;
				DEFINES_MODULE = YES;
				ENABLE_STRICT_OBJC_MSGSEND = YES;
				ENABLE_TESTABILITY = YES;
				GCC_C_LANGUAGE_STANDARD = gnu99;
				GCC_DYNAMIC_NO_PIC = NO;
				GCC_NO_COMMON_BLOCKS = YES;
				GCC_OPTIMIZATION_LEVEL = 0;
				GCC_PREPROCESSOR_DEFINITIONS = (
					"DEBUG=1",
					"$(inherited)",
				);
				GCC_WARN_64_TO_32_BIT_CONVERSION = YES;
				GCC_WARN_ABOUT_RETURN_TYPE = YES_ERROR;
				GCC_WARN_UNDECLARED_SELECTOR = YES;
				GCC_WARN_UNINITIALIZED_AUTOS = YES_AGGRESSIVE;
				GCC_WARN_UNUSED_FUNCTION = YES;
				GCC_WARN_UNUSED_VARIABLE = YES;
				MACOSX_DEPLOYMENT_TARGET = 10.11;
				MTL_ENABLE_DEBUG_INFO = YES;
				ONLY_ACTIVE_ARCH = YES;
				SDKROOT = macosx;
				SWIFT_OBJC_BRIDGING_HEADER = "";
				SWIFT_OPTIMIZATION_LEVEL = "-Onone";
			};
			name = Debug;
		};
		B2539A971CB6C575002917DE /* Release */ = {
			isa = XCBuildConfiguration;
			buildSettings = {
				ALWAYS_SEARCH_USER_PATHS = NO;
				CLANG_ANALYZER_NONNULL = YES;
				CLANG_CXX_LANGUAGE_STANDARD = "gnu++0x";
				CLANG_CXX_LIBRARY = "libc++";
				CLANG_ENABLE_MODULES = YES;
				CLANG_ENABLE_OBJC_ARC = YES;
				CLANG_WARN_BLOCK_CAPTURE_AUTORELEASING = YES;
				CLANG_WARN_BOOL_CONVERSION = YES;
				CLANG_WARN_COMMA = YES;
				CLANG_WARN_CONSTANT_CONVERSION = YES;
				CLANG_WARN_DEPRECATED_OBJC_IMPLEMENTATIONS = YES;
				CLANG_WARN_DIRECT_OBJC_ISA_USAGE = YES_ERROR;
				CLANG_WARN_EMPTY_BODY = YES;
				CLANG_WARN_ENUM_CONVERSION = YES;
				CLANG_WARN_INFINITE_RECURSION = YES;
				CLANG_WARN_INT_CONVERSION = YES;
				CLANG_WARN_NON_LITERAL_NULL_CONVERSION = YES;
				CLANG_WARN_OBJC_IMPLICIT_RETAIN_SELF = YES;
				CLANG_WARN_OBJC_LITERAL_CONVERSION = YES;
				CLANG_WARN_OBJC_ROOT_CLASS = YES_ERROR;
				CLANG_WARN_RANGE_LOOP_ANALYSIS = YES;
				CLANG_WARN_STRICT_PROTOTYPES = YES;
				CLANG_WARN_SUSPICIOUS_MOVE = YES;
				CLANG_WARN_UNREACHABLE_CODE = YES;
				CLANG_WARN__DUPLICATE_METHOD_MATCH = YES;
				CODE_SIGN_IDENTITY = "-";
				COPY_PHASE_STRIP = NO;
				DEBUG_INFORMATION_FORMAT = "dwarf-with-dsym";
				DEFINES_MODULE = YES;
				ENABLE_NS_ASSERTIONS = NO;
				ENABLE_STRICT_OBJC_MSGSEND = YES;
				GCC_C_LANGUAGE_STANDARD = gnu99;
				GCC_NO_COMMON_BLOCKS = YES;
				GCC_OPTIMIZATION_LEVEL = 0;
				GCC_WARN_64_TO_32_BIT_CONVERSION = YES;
				GCC_WARN_ABOUT_RETURN_TYPE = YES_ERROR;
				GCC_WARN_UNDECLARED_SELECTOR = YES;
				GCC_WARN_UNINITIALIZED_AUTOS = YES_AGGRESSIVE;
				GCC_WARN_UNUSED_FUNCTION = YES;
				GCC_WARN_UNUSED_VARIABLE = YES;
				MACOSX_DEPLOYMENT_TARGET = 10.11;
				MTL_ENABLE_DEBUG_INFO = NO;
				SDKROOT = macosx;
				SWIFT_COMPILATION_MODE = wholemodule;
				SWIFT_OBJC_BRIDGING_HEADER = "";
				SWIFT_OPTIMIZATION_LEVEL = "-Onone";
			};
			name = Release;
		};
		B2539A991CB6C575002917DE /* Debug */ = {
			isa = XCBuildConfiguration;
			buildSettings = {
				ASSETCATALOG_COMPILER_APPICON_NAME = AppIcon;
				COMBINE_HIDPI_IMAGES = YES;
				DEFINES_MODULE = YES;
				FRAMEWORK_SEARCH_PATHS = (
					"$(inherited)",
					"$(LOCAL_LIBRARY_DIR)/Frameworks",
					"$(PROJECT_DIR)",
				);
				INFOPLIST_FILE = FindFontFeatures/Info.plist;
				LD_RUNPATH_SEARCH_PATHS = "$(inherited) @executable_path/../Frameworks";
				MACOSX_DEPLOYMENT_TARGET = 10.10;
				PRODUCT_BUNDLE_IDENTIFIER = com.typoland.FindFontFeatures;
				PRODUCT_NAME = "Find Font Features";
				SWIFT_OBJC_BRIDGING_HEADER = "";
				SWIFT_SWIFT3_OBJC_INFERENCE = Default;
				SWIFT_VERSION = 4.0;
			};
			name = Debug;
		};
		B2539A9A1CB6C575002917DE /* Release */ = {
			isa = XCBuildConfiguration;
			buildSettings = {
				ASSETCATALOG_COMPILER_APPICON_NAME = AppIcon;
				COMBINE_HIDPI_IMAGES = YES;
				DEFINES_MODULE = YES;
				FRAMEWORK_SEARCH_PATHS = (
					"$(inherited)",
					"$(LOCAL_LIBRARY_DIR)/Frameworks",
					"$(PROJECT_DIR)",
				);
				INFOPLIST_FILE = FindFontFeatures/Info.plist;
				LD_RUNPATH_SEARCH_PATHS = "$(inherited) @executable_path/../Frameworks";
				MACOSX_DEPLOYMENT_TARGET = 10.10;
				PRODUCT_BUNDLE_IDENTIFIER = com.typoland.FindFontFeatures;
				PRODUCT_NAME = "Find Font Features";
				SWIFT_OBJC_BRIDGING_HEADER = "";
				SWIFT_SWIFT3_OBJC_INFERENCE = Default;
				SWIFT_VERSION = 4.0;
			};
			name = Release;
		};
/* End XCBuildConfiguration section */

/* Begin XCConfigurationList section */
		B2539A701CB6C575002917DE /* Build configuration list for PBXProject "Find Font Features" */ = {
			isa = XCConfigurationList;
			buildConfigurations = (
				B2539A961CB6C575002917DE /* Debug */,
				B2539A971CB6C575002917DE /* Release */,
			);
			defaultConfigurationIsVisible = 0;
			defaultConfigurationName = Release;
		};
		B2539A981CB6C575002917DE /* Build configuration list for PBXNativeTarget "Find Font Features" */ = {
			isa = XCConfigurationList;
			buildConfigurations = (
				B2539A991CB6C575002917DE /* Debug */,
				B2539A9A1CB6C575002917DE /* Release */,
			);
			defaultConfigurationIsVisible = 0;
			defaultConfigurationName = Release;
		};
/* End XCConfigurationList section */
	};
	rootObject = B2539A6D1CB6C575002917DE /* Project object */;
}
